
Microsoft Visual Studio Solution File, Format Version 10.00
# Visual Studio 2008
Project("{8BC9CEB8-8B4A-11D0-8D11-00A0C91BC942}") = "DLL", "DLL\DLL.vcproj", "{265A32A7-E3BC-412F-8F93-531C66D887B7}"
EndProject
Global
	GlobalSection(SolutionConfigurationPlatforms) = preSolution
		Debug|Win32 = Debug|Win32
		Release|Win32 = Release|Win32
	EndGlobalSection
	GlobalSection(ProjectConfigurationPlatforms) = postSolution
		{265A32A7-E3BC-412F-8F93-531C66D887B7}.Debug|Win32.ActiveCfg = Debug|Win32
		{265A32A7-E3BC-412F-8F93-531C66D887B7}.Debug|Win32.Build.0 = Debug|Win32
		{265A32A7-E3BC-412F-8F93-531C66D887B7}.Release|Win32.ActiveCfg = Release|Win32
		{265A32A7-E3BC-412F-8F93-531C66D887B7}.Release|Win32.Build.0 = Release|Win32
	EndGlobalSection
	GlobalSection(SolutionProperties) = preSolution
		HideSolutionNode = FALSE
	EndGlobalSection
EndGlobal
